
Microsoft Visual Studio Solution File, Format Version 12.00
# Visual Studio Version 17
VisualStudioVersion = 17.10.35013.160
MinimumVisualStudioVersion = 10.0.40219.1
Project("{FAE04EC0-301F-11D3-BF4B-00C04F79EFBC}") = "ComexAPI", "ComexAPI\ComexAPI.csproj", "{7688CE83-ED8D-49F1-8DF2-C6C790E4C542}"
EndProject
Global
	GlobalSection(SolutionConfigurationPlatforms) = preSolution
		Debug|Any CPU = Debug|Any CPU
		Release|Any CPU = Release|Any CPU
	EndGlobalSection
	GlobalSection(ProjectConfigurationPlatforms) = postSolution
		{7688CE83-ED8D-49F1-8DF2-C6C790E4C542}.Debug|Any CPU.ActiveCfg = Debug|Any CPU
		{7688CE83-ED8D-49F1-8DF2-C6C790E4C542}.Debug|Any CPU.Build.0 = Debug|Any CPU
		{7688CE83-ED8D-49F1-8DF2-C6C790E4C542}.Release|Any CPU.ActiveCfg = Release|Any CPU
		{7688CE83-ED8D-49F1-8DF2-C6C790E4C542}.Release|Any CPU.Build.0 = Release|Any CPU
	EndGlobalSection
	GlobalSection(SolutionProperties) = preSolution
		HideSolutionNode = FALSE
	EndGlobalSection
	GlobalSection(ExtensibilityGlobals) = postSolution
		SolutionGuid = {B9E9F44A-3F7D-48E2-9AFE-13554A6A42F4}
	EndGlobalSection
EndGlobal
