
Microsoft Visual Studio Solution File, Format Version 12.00
# Visual Studio Version 17
VisualStudioVersion = 17.10.35027.167
MinimumVisualStudioVersion = 10.0.40219.1
Project("{FAE04EC0-301F-11D3-BF4B-00C04F79EFBC}") = "Desafio02", "Desafio02\Desafio02.csproj", "{73869304-4CF5-474B-8FDF-426DB2207CC2}"
EndProject
Global
	GlobalSection(SolutionConfigurationPlatforms) = preSolution
		Debug|Any CPU = Debug|Any CPU
		Release|Any CPU = Release|Any CPU
	EndGlobalSection
	GlobalSection(ProjectConfigurationPlatforms) = postSolution
		{73869304-4CF5-474B-8FDF-426DB2207CC2}.Debug|Any CPU.ActiveCfg = Debug|Any CPU
		{73869304-4CF5-474B-8FDF-426DB2207CC2}.Debug|Any CPU.Build.0 = Debug|Any CPU
		{73869304-4CF5-474B-8FDF-426DB2207CC2}.Release|Any CPU.ActiveCfg = Release|Any CPU
		{73869304-4CF5-474B-8FDF-426DB2207CC2}.Release|Any CPU.Build.0 = Release|Any CPU
	EndGlobalSection
	GlobalSection(SolutionProperties) = preSolution
		HideSolutionNode = FALSE
	EndGlobalSection
	GlobalSection(ExtensibilityGlobals) = postSolution
		SolutionGuid = {0CCA171E-0FFC-4DB4-8B1F-53D010ACAAE8}
	EndGlobalSection
EndGlobal
