
Microsoft Visual Studio Solution File, Format Version 12.00
# Visual Studio Version 17
VisualStudioVersion = 17.10.35013.160
MinimumVisualStudioVersion = 10.0.40219.1
Project("{9A19103F-16F7-4668-BE54-9A1E7A4F7556}") = "Biblioteca", "Biblioteca\Biblioteca.csproj", "{B9795BFC-2B1F-4837-B6CF-6ACE2274DB78}"
EndProject
Global
	GlobalSection(SolutionConfigurationPlatforms) = preSolution
		Debug|Any CPU = Debug|Any CPU
		Release|Any CPU = Release|Any CPU
	EndGlobalSection
	GlobalSection(ProjectConfigurationPlatforms) = postSolution
		{B9795BFC-2B1F-4837-B6CF-6ACE2274DB78}.Debug|Any CPU.ActiveCfg = Debug|Any CPU
		{B9795BFC-2B1F-4837-B6CF-6ACE2274DB78}.Debug|Any CPU.Build.0 = Debug|Any CPU
		{B9795BFC-2B1F-4837-B6CF-6ACE2274DB78}.Release|Any CPU.ActiveCfg = Release|Any CPU
		{B9795BFC-2B1F-4837-B6CF-6ACE2274DB78}.Release|Any CPU.Build.0 = Release|Any CPU
	EndGlobalSection
	GlobalSection(SolutionProperties) = preSolution
		HideSolutionNode = FALSE
	EndGlobalSection
	GlobalSection(ExtensibilityGlobals) = postSolution
		SolutionGuid = {4B045B8E-5B49-4BAB-96B6-38D9A55EB797}
	EndGlobalSection
EndGlobal
